
Microsoft Visual Studio Solution File, Format Version 12.00
# Visual Studio Version 16
Project("{8BC9CEB8-8B4A-11D0-8D11-00A0C91BC942}") = "cw2", "cw2\cw2.vcxproj", "{9167880B-FD70-887C-86EC-9E7CF2F4937C}"
	ProjectSection(ProjectDependencies) = postProject
		{C87B2335-3431-9C2A-BD25-960129DA922E} = {C87B2335-3431-9C2A-BD25-960129DA922E}
		{2AEE9410-9602-BDC1-5F84-6021CB57B9F2} = {2AEE9410-9602-BDC1-5F84-6021CB57B9F2}
	EndProjectSection
EndProject
Project("{8BC9CEB8-8B4A-11D0-8D11-00A0C91BC942}") = "cw2-shaders", "cw2\shaders\cw2-shaders.vcxproj", "{C87B2335-3431-9C2A-BD25-960129DA922E}"
EndProject
Project("{8BC9CEB8-8B4A-11D0-8D11-00A0C91BC942}") = "labutils", "labutils\labutils.vcxproj", "{A5476A3F-9114-C54A-BA2D-B3F2A659FAD8}"
EndProject
Project("{8BC9CEB8-8B4A-11D0-8D11-00A0C91BC942}") = "x-glfw", "third_party\x-glfw.vcxproj", "{FAB23223-E654-5DF9-CF0F-714DBB50E449}"
EndProject
Project("{8BC9CEB8-8B4A-11D0-8D11-00A0C91BC942}") = "x-glm", "third_party\x-glm.vcxproj", "{2AEE9410-9602-BDC1-5F84-6021CB57B9F2}"
EndProject
Project("{8BC9CEB8-8B4A-11D0-8D11-00A0C91BC942}") = "x-stb", "third_party\x-stb.vcxproj", "{33229510-9F36-BDC1-68B8-6021D48BB9F2}"
EndProject
Project("{8BC9CEB8-8B4A-11D0-8D11-00A0C91BC942}") = "x-tinyobj", "third_party\x-tinyobj.vcxproj", "{A9E65FF2-1551-1469-5E8F-C50ECA38F2BD}"
EndProject
Project("{8BC9CEB8-8B4A-11D0-8D11-00A0C91BC942}") = "x-vma", "third_party\x-vma.vcxproj", "{0E2E9510-7A42-BDC1-43C4-6021AF97B9F2}"
EndProject
Project("{8BC9CEB8-8B4A-11D0-8D11-00A0C91BC942}") = "x-volk", "third_party\x-volk.vcxproj", "{26FA3A23-129C-65F9-FB56-794DE797EC49}"
EndProject
Project("{8BC9CEB8-8B4A-11D0-8D11-00A0C91BC942}") = "x-vulkan-headers", "third_party\x-vulkan-headers.vcxproj", "{A4231A7A-901C-39CC-B94E-1E51A5A618D8}"
EndProject
Global
	GlobalSection(SolutionConfigurationPlatforms) = preSolution
		debug|x64 = debug|x64
		release|x64 = release|x64
	EndGlobalSection
	GlobalSection(ProjectConfigurationPlatforms) = postSolution
		{9167880B-FD70-887C-86EC-9E7CF2F4937C}.debug|x64.ActiveCfg = debug|x64
		{9167880B-FD70-887C-86EC-9E7CF2F4937C}.debug|x64.Build.0 = debug|x64
		{9167880B-FD70-887C-86EC-9E7CF2F4937C}.release|x64.ActiveCfg = release|x64
		{9167880B-FD70-887C-86EC-9E7CF2F4937C}.release|x64.Build.0 = release|x64
		{C87B2335-3431-9C2A-BD25-960129DA922E}.debug|x64.ActiveCfg = debug|x64
		{C87B2335-3431-9C2A-BD25-960129DA922E}.debug|x64.Build.0 = debug|x64
		{C87B2335-3431-9C2A-BD25-960129DA922E}.release|x64.ActiveCfg = release|x64
		{C87B2335-3431-9C2A-BD25-960129DA922E}.release|x64.Build.0 = release|x64
		{A5476A3F-9114-C54A-BA2D-B3F2A659FAD8}.debug|x64.ActiveCfg = debug|x64
		{A5476A3F-9114-C54A-BA2D-B3F2A659FAD8}.debug|x64.Build.0 = debug|x64
		{A5476A3F-9114-C54A-BA2D-B3F2A659FAD8}.release|x64.ActiveCfg = release|x64
		{A5476A3F-9114-C54A-BA2D-B3F2A659FAD8}.release|x64.Build.0 = release|x64
		{FAB23223-E654-5DF9-CF0F-714DBB50E449}.debug|x64.ActiveCfg = debug|x64
		{FAB23223-E654-5DF9-CF0F-714DBB50E449}.debug|x64.Build.0 = debug|x64
		{FAB23223-E654-5DF9-CF0F-714DBB50E449}.release|x64.ActiveCfg = release|x64
		{FAB23223-E654-5DF9-CF0F-714DBB50E449}.release|x64.Build.0 = release|x64
		{2AEE9410-9602-BDC1-5F84-6021CB57B9F2}.debug|x64.ActiveCfg = debug|x64
		{2AEE9410-9602-BDC1-5F84-6021CB57B9F2}.debug|x64.Build.0 = debug|x64
		{2AEE9410-9602-BDC1-5F84-6021CB57B9F2}.release|x64.ActiveCfg = release|x64
		{2AEE9410-9602-BDC1-5F84-6021CB57B9F2}.release|x64.Build.0 = release|x64
		{33229510-9F36-BDC1-68B8-6021D48BB9F2}.debug|x64.ActiveCfg = debug|x64
		{33229510-9F36-BDC1-68B8-6021D48BB9F2}.debug|x64.Build.0 = debug|x64
		{33229510-9F36-BDC1-68B8-6021D48BB9F2}.release|x64.ActiveCfg = release|x64
		{33229510-9F36-BDC1-68B8-6021D48BB9F2}.release|x64.Build.0 = release|x64
		{A9E65FF2-1551-1469-5E8F-C50ECA38F2BD}.debug|x64.ActiveCfg = debug|x64
		{A9E65FF2-1551-1469-5E8F-C50ECA38F2BD}.debug|x64.Build.0 = debug|x64
		{A9E65FF2-1551-1469-5E8F-C50ECA38F2BD}.release|x64.ActiveCfg = release|x64
		{A9E65FF2-1551-1469-5E8F-C50ECA38F2BD}.release|x64.Build.0 = release|x64
		{0E2E9510-7A42-BDC1-43C4-6021AF97B9F2}.debug|x64.ActiveCfg = debug|x64
		{0E2E9510-7A42-BDC1-43C4-6021AF97B9F2}.debug|x64.Build.0 = debug|x64
		{0E2E9510-7A42-BDC1-43C4-6021AF97B9F2}.release|x64.ActiveCfg = release|x64
		{0E2E9510-7A42-BDC1-43C4-6021AF97B9F2}.release|x64.Build.0 = release|x64
		{26FA3A23-129C-65F9-FB56-794DE797EC49}.debug|x64.ActiveCfg = debug|x64
		{26FA3A23-129C-65F9-FB56-794DE797EC49}.debug|x64.Build.0 = debug|x64
		{26FA3A23-129C-65F9-FB56-794DE797EC49}.release|x64.ActiveCfg = release|x64
		{26FA3A23-129C-65F9-FB56-794DE797EC49}.release|x64.Build.0 = release|x64
		{A4231A7A-901C-39CC-B94E-1E51A5A618D8}.debug|x64.ActiveCfg = debug|x64
		{A4231A7A-901C-39CC-B94E-1E51A5A618D8}.debug|x64.Build.0 = debug|x64
		{A4231A7A-901C-39CC-B94E-1E51A5A618D8}.release|x64.ActiveCfg = release|x64
		{A4231A7A-901C-39CC-B94E-1E51A5A618D8}.release|x64.Build.0 = release|x64
	EndGlobalSection
	GlobalSection(SolutionProperties) = preSolution
		HideSolutionNode = FALSE
	EndGlobalSection
EndGlobal
